<?xml version="1.0" encoding="utf-8"?>
<Project ToolsVersion="4.0" xmlns="http://schemas.microsoft.com/developer/msbuild/2003">
  <ItemGroup>
    <Filter Include="Header files">
      <UniqueIdentifier>{93995380-89BD-4b04-88EB-625FBE52EBFB}</UniqueIdentifier>
      <Extensions>h;hh;hpp;hxx;hm;inl;inc;xsd</Extensions>
    </Filter>
    <Filter Include="Source files">
      <UniqueIdentifier>{4FC737F1-C7A5-4376-A066-2A32D752A2FF}</UniqueIdentifier>
      <Extensions>cpp;c;cc;cxx;def;odl;idl;hpj;bat;asm;asmx</Extensions>
    </Filter>
    <Filter Include="Cooperative Monitoring">
      <UniqueIdentifier>{620c6485-c66b-4155-873e-9948ad05f667}</UniqueIdentifier>
    </Filter>
  </ItemGroup>
  <ItemGroup>
    <ClCompile Include="main.cpp">
      <Filter>Source files</Filter>
    </ClCompile>
    <ClCompile Include="preprocess.cpp">
      <Filter>Source files</Filter>
    </ClCompile>
    <ClCompile Include="combinablefilter.cpp">
      <Filter>Cooperative Monitoring</Filter>
    </ClCompile>
    <ClCompile Include="progressivefiltering.cpp">
      <Filter>Cooperative Monitoring</Filter>
    </ClCompile>
  </ItemGroup>
  <ItemGroup>
    <ClInclude Include="PREPROCESS.h">
      <Filter>Header files</Filter>
    </ClInclude>
    <ClInclude Include="BLOOMFILTER.h">
      <Filter>Header files</Filter>
    </ClInclude>
    <ClInclude Include="CombinableFilter.h">
      <Filter>Header files</Filter>
    </ClInclude>
  </ItemGroup>
</Project>